
Microsoft Visual Studio Solution File, Format Version 12.00
# Visual Studio Version 17
VisualStudioVersion = 17.11.35208.52
MinimumVisualStudioVersion = 10.0.40219.1
Project("{FAE04EC0-301F-11D3-BF4B-00C04F79EFBC}") = "TestProject1", "TestProject1\TestProject1.csproj", "{E6FAA0CA-CC79-48CE-A10E-C795997112CD}"
EndProject
Global
	GlobalSection(SolutionConfigurationPlatforms) = preSolution
		Debug|Any CPU = Debug|Any CPU
		Release|Any CPU = Release|Any CPU
	EndGlobalSection
	GlobalSection(ProjectConfigurationPlatforms) = postSolution
		{E6FAA0CA-CC79-48CE-A10E-C795997112CD}.Debug|Any CPU.ActiveCfg = Debug|Any CPU
		{E6FAA0CA-CC79-48CE-A10E-C795997112CD}.Debug|Any CPU.Build.0 = Debug|Any CPU
		{E6FAA0CA-CC79-48CE-A10E-C795997112CD}.Release|Any CPU.ActiveCfg = Release|Any CPU
		{E6FAA0CA-CC79-48CE-A10E-C795997112CD}.Release|Any CPU.Build.0 = Release|Any CPU
	EndGlobalSection
	GlobalSection(SolutionProperties) = preSolution
		HideSolutionNode = FALSE
	EndGlobalSection
	GlobalSection(ExtensibilityGlobals) = postSolution
		SolutionGuid = {98A7900A-37B5-4199-BECA-C86BC501103B}
	EndGlobalSection
EndGlobal
